
Microsoft Visual Studio Solution File, Format Version 12.00
# Visual Studio Version 17
VisualStudioVersion = 17.6.33815.320
MinimumVisualStudioVersion = 10.0.40219.1
Project("{8BC9CEB8-8B4A-11D0-8D11-00A0C91BC942}") = "cpp-1.89", "cpp-1.89.vcxproj", "{5CCBAE3B-854A-422C-992A-3F1D63BBA150}"
EndProject
Global
	GlobalSection(SolutionConfigurationPlatforms) = preSolution
		Debug|x64 = Debug|x64
		Debug|x86 = Debug|x86
		Release|x64 = Release|x64
		Release|x86 = Release|x86
	EndGlobalSection
	GlobalSection(ProjectConfigurationPlatforms) = postSolution
		{5CCBAE3B-854A-422C-992A-3F1D63BBA150}.Debug|x64.ActiveCfg = Debug|x64
		{5CCBAE3B-854A-422C-992A-3F1D63BBA150}.Debug|x64.Build.0 = Debug|x64
		{5CCBAE3B-854A-422C-992A-3F1D63BBA150}.Debug|x86.ActiveCfg = Debug|Win32
		{5CCBAE3B-854A-422C-992A-3F1D63BBA150}.Debug|x86.Build.0 = Debug|Win32
		{5CCBAE3B-854A-422C-992A-3F1D63BBA150}.Release|x64.ActiveCfg = Release|x64
		{5CCBAE3B-854A-422C-992A-3F1D63BBA150}.Release|x64.Build.0 = Release|x64
		{5CCBAE3B-854A-422C-992A-3F1D63BBA150}.Release|x86.ActiveCfg = Release|Win32
		{5CCBAE3B-854A-422C-992A-3F1D63BBA150}.Release|x86.Build.0 = Release|Win32
	EndGlobalSection
	GlobalSection(SolutionProperties) = preSolution
		HideSolutionNode = FALSE
	EndGlobalSection
	GlobalSection(ExtensibilityGlobals) = postSolution
		SolutionGuid = {0C90FCC9-659D-4974-A668-D372B45472EE}
	EndGlobalSection
EndGlobal
